
Microsoft Visual Studio Solution File, Format Version 12.00
# Visual Studio Version 16
VisualStudioVersion = 16.6.30114.105
MinimumVisualStudioVersion = 10.0.40219.1
Project("{FAE04EC0-301F-11D3-BF4B-00C04F79EFBC}") = "StockQuoteAlert", "..\StockQuoteAlert.csproj", "{214B7B79-79EC-41E9-AF08-6E8ED2C48D9C}"
EndProject
Project("{FAE04EC0-301F-11D3-BF4B-00C04F79EFBC}") = "StockQuoteAlert.Tests", "StockQuoteAlert.Tests\StockQuoteAlert.Tests.csproj", "{9D783533-3055-4A35-8B84-242FC9782092}"
EndProject
Global
	GlobalSection(SolutionConfigurationPlatforms) = preSolution
		Debug|Any CPU = Debug|Any CPU
		Debug|x64 = Debug|x64
		Debug|x86 = Debug|x86
		Release|Any CPU = Release|Any CPU
		Release|x64 = Release|x64
		Release|x86 = Release|x86
	EndGlobalSection
	GlobalSection(SolutionProperties) = preSolution
		HideSolutionNode = FALSE
	EndGlobalSection
	GlobalSection(ProjectConfigurationPlatforms) = postSolution
		{214B7B79-79EC-41E9-AF08-6E8ED2C48D9C}.Debug|Any CPU.ActiveCfg = Debug|Any CPU
		{214B7B79-79EC-41E9-AF08-6E8ED2C48D9C}.Debug|Any CPU.Build.0 = Debug|Any CPU
		{214B7B79-79EC-41E9-AF08-6E8ED2C48D9C}.Debug|x64.ActiveCfg = Debug|Any CPU
		{214B7B79-79EC-41E9-AF08-6E8ED2C48D9C}.Debug|x64.Build.0 = Debug|Any CPU
		{214B7B79-79EC-41E9-AF08-6E8ED2C48D9C}.Debug|x86.ActiveCfg = Debug|Any CPU
		{214B7B79-79EC-41E9-AF08-6E8ED2C48D9C}.Debug|x86.Build.0 = Debug|Any CPU
		{214B7B79-79EC-41E9-AF08-6E8ED2C48D9C}.Release|Any CPU.ActiveCfg = Release|Any CPU
		{214B7B79-79EC-41E9-AF08-6E8ED2C48D9C}.Release|Any CPU.Build.0 = Release|Any CPU
		{214B7B79-79EC-41E9-AF08-6E8ED2C48D9C}.Release|x64.ActiveCfg = Release|Any CPU
		{214B7B79-79EC-41E9-AF08-6E8ED2C48D9C}.Release|x64.Build.0 = Release|Any CPU
		{214B7B79-79EC-41E9-AF08-6E8ED2C48D9C}.Release|x86.ActiveCfg = Release|Any CPU
		{214B7B79-79EC-41E9-AF08-6E8ED2C48D9C}.Release|x86.Build.0 = Release|Any CPU
		{9D783533-3055-4A35-8B84-242FC9782092}.Debug|Any CPU.ActiveCfg = Debug|Any CPU
		{9D783533-3055-4A35-8B84-242FC9782092}.Debug|Any CPU.Build.0 = Debug|Any CPU
		{9D783533-3055-4A35-8B84-242FC9782092}.Debug|x64.ActiveCfg = Debug|Any CPU
		{9D783533-3055-4A35-8B84-242FC9782092}.Debug|x64.Build.0 = Debug|Any CPU
		{9D783533-3055-4A35-8B84-242FC9782092}.Debug|x86.ActiveCfg = Debug|Any CPU
		{9D783533-3055-4A35-8B84-242FC9782092}.Debug|x86.Build.0 = Debug|Any CPU
		{9D783533-3055-4A35-8B84-242FC9782092}.Release|Any CPU.ActiveCfg = Release|Any CPU
		{9D783533-3055-4A35-8B84-242FC9782092}.Release|Any CPU.Build.0 = Release|Any CPU
		{9D783533-3055-4A35-8B84-242FC9782092}.Release|x64.ActiveCfg = Release|Any CPU
		{9D783533-3055-4A35-8B84-242FC9782092}.Release|x64.Build.0 = Release|Any CPU
		{9D783533-3055-4A35-8B84-242FC9782092}.Release|x86.ActiveCfg = Release|Any CPU
		{9D783533-3055-4A35-8B84-242FC9782092}.Release|x86.Build.0 = Release|Any CPU
	EndGlobalSection
EndGlobal
